<?xml version="1.0" encoding="utf-8"?>
<Project ToolsVersion="4.0" xmlns="http://schemas.microsoft.com/developer/msbuild/2003">
  <ItemGroup>
    <Filter Include="Source Files">
      <UniqueIdentifier>{4FC737F1-C7A5-4376-A066-2A32D752A2FF}</UniqueIdentifier>
      <Extensions>cpp;c;cc;cxx;c++;cppm;ixx;def;odl;idl;hpj;bat;asm;asmx</Extensions>
    </Filter>
    <Filter Include="Header Files">
      <UniqueIdentifier>{93995380-89BD-4b04-88EB-625FBE52EBFB}</UniqueIdentifier>
      <Extensions>h;hh;hpp;hxx;h++;hm;inl;inc;ipp;xsd</Extensions>
    </Filter>
    <Filter Include="Marc Files">
      <UniqueIdentifier>{03f6843a-da81-48c5-bd62-e7db251f18ac}</UniqueIdentifier>
    </Filter>
    <Filter Include="Inl Files">
      <UniqueIdentifier>{b9cd230b-f892-4c46-91bc-816b3fe59e09}</UniqueIdentifier>
    </Filter>
  </ItemGroup>
  <ItemGroup>
    <ClInclude Include="GGraphics.h">
      <Filter>Header Files</Filter>
    </ClInclude>
    <ClInclude Include="GPriority.h">
      <Filter>Header Files</Filter>
    </ClInclude>
    <ClInclude Include="GMain.h">
      <Filter>Header Files</Filter>
    </ClInclude>
    <ClInclude Include="GReference.h">
      <Filter>Header Files</Filter>
    </ClInclude>
    <ClInclude Include="GRtti.h">
      <Filter>Header Files</Filter>
    </ClInclude>
    <ClInclude Include="GObject.h">
      <Filter>Header Files</Filter>
    </ClInclude>
    <ClInclude Include="GProperty.h">
      <Filter>Header Files</Filter>
    </ClInclude>
  </ItemGroup>
  <ItemGroup>
    <ClCompile Include="GGraphic.cpp">
      <Filter>Source Files</Filter>
    </ClCompile>
    <ClCompile Include="GPriority.cpp">
      <Filter>Source Files</Filter>
    </ClCompile>
    <ClCompile Include="GMain.cpp">
      <Filter>Source Files</Filter>
    </ClCompile>
    <ClCompile Include="GReference.cpp">
      <Filter>Source Files</Filter>
    </ClCompile>
    <ClCompile Include="GRtti.cpp">
      <Filter>Source Files</Filter>
    </ClCompile>
    <ClCompile Include="GObject.cpp">
      <Filter>Source Files</Filter>
    </ClCompile>
    <ClCompile Include="GProperty.cpp">
      <Filter>Source Files</Filter>
    </ClCompile>
  </ItemGroup>
  <ItemGroup>
    <None Include="GMain.marc">
      <Filter>Marc Files</Filter>
    </None>
    <None Include="GRtti.marc">
      <Filter>Marc Files</Filter>
    </None>
    <None Include="GReference.inl">
      <Filter>Inl Files</Filter>
    </None>
    <None Include="GObject.marc">
      <Filter>Marc Files</Filter>
    </None>
    <None Include="GProperty.inl">
      <Filter>Inl Files</Filter>
    </None>
  </ItemGroup>
</Project>